// !$*UTF8*$!
{
	archiveVersion = 1;
	classes = {
	};
	objectVersion = 46;
	objects = {

/* Begin PBXBuildFile section */
		11BCB0D3858E021CF957ADF9 /* Pods_SJFeedBack.framework in Frameworks */ = {isa = PBXBuildFile; fileRef = 0C17AC504012632944B5D4EC /* Pods_SJFeedBack.framework */; };
		3B144A441EFA09C7000F53B6 /* UIView+extension.swift in Sources */ = {isa = PBXBuildFile; fileRef = 3B144A431EFA09C7000F53B6 /* UIView+extension.swift */; };
		3B1B74A81EF8044A0039E7F3 /* AppDelegate.swift in Sources */ = {isa = PBXBuildFile; fileRef = 3B1B74A71EF8044A0039E7F3 /* AppDelegate.swift */; };
		3B1B74AA1EF8044A0039E7F3 /* ViewController.swift in Sources */ = {isa = PBXBuildFile; fileRef = 3B1B74A91EF8044A0039E7F3 /* ViewController.swift */; };
		3B1B74AD1EF8044A0039E7F3 /* Main.storyboard in Resources */ = {isa = PBXBuildFile; fileRef = 3B1B74AB1EF8044A0039E7F3 /* Main.storyboard */; };
		3B1B74AF1EF8044A0039E7F3 /* Assets.xcassets in Resources */ = {isa = PBXBuildFile; fileRef = 3B1B74AE1EF8044A0039E7F3 /* Assets.xcassets */; };
		3B1B74B21EF8044A0039E7F3 /* LaunchScreen.storyboard in Resources */ = {isa = PBXBuildFile; fileRef = 3B1B74B01EF8044A0039E7F3 /* LaunchScreen.storyboard */; };
		3B1B74BA1EF804830039E7F3 /* SJFeedBackViewController.swift in Sources */ = {isa = PBXBuildFile; fileRef = 3B1B74B91EF804830039E7F3 /* SJFeedBackViewController.swift */; };
		3B1B74BD1EF808890039E7F3 /* SJTextView.swift in Sources */ = {isa = PBXBuildFile; fileRef = 3B1B74BC1EF808890039E7F3 /* SJTextView.swift */; };
		3B20B9531EFFF10C0013F612 /* PhotoButton.swift in Sources */ = {isa = PBXBuildFile; fileRef = 3B20B9521EFFF10C0013F612 /* PhotoButton.swift */; };
		3B20B9551EFFF2600013F612 /* String+extension.swift in Sources */ = {isa = PBXBuildFile; fileRef = 3B20B9541EFFF2600013F612 /* String+extension.swift */; };
		3B20B9571EFFF2BF0013F612 /* UIAlertController+extension.swift in Sources */ = {isa = PBXBuildFile; fileRef = 3B20B9561EFFF2BF0013F612 /* UIAlertController+extension.swift */; };
		3B20B9591EFFF49D0013F612 /* SelectImageView.swift in Sources */ = {isa = PBXBuildFile; fileRef = 3B20B9581EFFF49D0013F612 /* SelectImageView.swift */; };
		3B20B95B1EFFF5210013F612 /* UIImage+extension.swift in Sources */ = {isa = PBXBuildFile; fileRef = 3B20B95A1EFFF5210013F612 /* UIImage+extension.swift */; };
		3BCE36F31EF8C26C003D4CF5 /* SJImagesView.swift in Sources */ = {isa = PBXBuildFile; fileRef = 3BCE36F21EF8C26C003D4CF5 /* SJImagesView.swift */; };
/* End PBXBuildFile section */

/* Begin PBXFileReference section */
		0C17AC504012632944B5D4EC /* Pods_SJFeedBack.framework */ = {isa = PBXFileReference; explicitFileType = wrapper.framework; includeInIndex = 0; path = Pods_SJFeedBack.framework; sourceTree = BUILT_PRODUCTS_DIR; };
		3B144A431EFA09C7000F53B6 /* UIView+extension.swift */ = {isa = PBXFileReference; fileEncoding = 4; lastKnownFileType = sourcecode.swift; path = "UIView+extension.swift"; sourceTree = "<group>"; };
		3B1B74A41EF8044A0039E7F3 /* SJFeedBack.app */ = {isa = PBXFileReference; explicitFileType = wrapper.application; includeInIndex = 0; path = SJFeedBack.app; sourceTree = BUILT_PRODUCTS_DIR; };
		3B1B74A71EF8044A0039E7F3 /* AppDelegate.swift */ = {isa = PBXFileReference; lastKnownFileType = sourcecode.swift; path = AppDelegate.swift; sourceTree = "<group>"; };
		3B1B74A91EF8044A0039E7F3 /* ViewController.swift */ = {isa = PBXFileReference; lastKnownFileType = sourcecode.swift; path = ViewController.swift; sourceTree = "<group>"; };
		3B1B74AC1EF8044A0039E7F3 /* Base */ = {isa = PBXFileReference; lastKnownFileType = file.storyboard; name = Base; path = Base.lproj/Main.storyboard; sourceTree = "<group>"; };
		3B1B74AE1EF8044A0039E7F3 /* Assets.xcassets */ = {isa = PBXFileReference; lastKnownFileType = folder.assetcatalog; path = Assets.xcassets; sourceTree = "<group>"; };
		3B1B74B11EF8044A0039E7F3 /* Base */ = {isa = PBXFileReference; lastKnownFileType = file.storyboard; name = Base; path = Base.lproj/LaunchScreen.storyboard; sourceTree = "<group>"; };
		3B1B74B31EF8044A0039E7F3 /* Info.plist */ = {isa = PBXFileReference; lastKnownFileType = text.plist.xml; path = Info.plist; sourceTree = "<group>"; };
		3B1B74B91EF804830039E7F3 /* SJFeedBackViewController.swift */ = {isa = PBXFileReference; fileEncoding = 4; lastKnownFileType = sourcecode.swift; path = SJFeedBackViewController.swift; sourceTree = "<group>"; };
		3B1B74BC1EF808890039E7F3 /* SJTextView.swift */ = {isa = PBXFileReference; fileEncoding = 4; lastKnownFileType = sourcecode.swift; path = SJTextView.swift; sourceTree = "<group>"; };
		3B20B9521EFFF10C0013F612 /* PhotoButton.swift */ = {isa = PBXFileReference; fileEncoding = 4; lastKnownFileType = sourcecode.swift; path = PhotoButton.swift; sourceTree = "<group>"; };
		3B20B9541EFFF2600013F612 /* String+extension.swift */ = {isa = PBXFileReference; fileEncoding = 4; lastKnownFileType = sourcecode.swift; path = "String+extension.swift"; sourceTree = "<group>"; };
		3B20B9561EFFF2BF0013F612 /* UIAlertController+extension.swift */ = {isa = PBXFileReference; fileEncoding = 4; lastKnownFileType = sourcecode.swift; path = "UIAlertController+extension.swift"; sourceTree = "<group>"; };
		3B20B9581EFFF49D0013F612 /* SelectImageView.swift */ = {isa = PBXFileReference; fileEncoding = 4; lastKnownFileType = sourcecode.swift; path = SelectImageView.swift; sourceTree = "<group>"; };
		3B20B95A1EFFF5210013F612 /* UIImage+extension.swift */ = {isa = PBXFileReference; fileEncoding = 4; lastKnownFileType = sourcecode.swift; path = "UIImage+extension.swift"; sourceTree = "<group>"; };
		3BCE36F21EF8C26C003D4CF5 /* SJImagesView.swift */ = {isa = PBXFileReference; fileEncoding = 4; lastKnownFileType = sourcecode.swift; path = SJImagesView.swift; sourceTree = "<group>"; };
		68E18AFF010F4BA743268DE2 /* Pods-SJFeedBack.release.xcconfig */ = {isa = PBXFileReference; includeInIndex = 1; lastKnownFileType = text.xcconfig; name = "Pods-SJFeedBack.release.xcconfig"; path = "Pods/Target Support Files/Pods-SJFeedBack/Pods-SJFeedBack.release.xcconfig"; sourceTree = "<group>"; };
		7D2C63C022A642612B6C47F5 /* Pods-SJFeedBack.debug.xcconfig */ = {isa = PBXFileReference; includeInIndex = 1; lastKnownFileType = text.xcconfig; name = "Pods-SJFeedBack.debug.xcconfig"; path = "Pods/Target Support Files/Pods-SJFeedBack/Pods-SJFeedBack.debug.xcconfig"; sourceTree = "<group>"; };
/* End PBXFileReference section */

/* Begin PBXFrameworksBuildPhase section */
		3B1B74A11EF8044A0039E7F3 /* Frameworks */ = {
			isa = PBXFrameworksBuildPhase;
			buildActionMask = 2147483647;
			files = (
				11BCB0D3858E021CF957ADF9 /* Pods_SJFeedBack.framework in Frameworks */,
			);
			runOnlyForDeploymentPostprocessing = 0;
		};
/* End PBXFrameworksBuildPhase section */

/* Begin PBXGroup section */
		3B144A421EFA09A6000F53B6 /* Extension */ = {
			isa = PBXGroup;
			children = (
				3B144A431EFA09C7000F53B6 /* UIView+extension.swift */,
				3B20B9541EFFF2600013F612 /* String+extension.swift */,
				3B20B95A1EFFF5210013F612 /* UIImage+extension.swift */,
				3B20B9561EFFF2BF0013F612 /* UIAlertController+extension.swift */,
			);
			path = Extension;
			sourceTree = "<group>";
		};
		3B1B749B1EF8044A0039E7F3 = {
			isa = PBXGroup;
			children = (
				3B1B74A61EF8044A0039E7F3 /* SJFeedBack */,
				3B1B74A51EF8044A0039E7F3 /* Products */,
				4F2DFBCA6EF5DA4D8270FFBC /* Pods */,
				65B4F46713FEACC6696756A1 /* Frameworks */,
			);
			sourceTree = "<group>";
		};
		3B1B74A51EF8044A0039E7F3 /* Products */ = {
			isa = PBXGroup;
			children = (
				3B1B74A41EF8044A0039E7F3 /* SJFeedBack.app */,
			);
			name = Products;
			sourceTree = "<group>";
		};
		3B1B74A61EF8044A0039E7F3 /* SJFeedBack */ = {
			isa = PBXGroup;
			children = (
				3B1B74A71EF8044A0039E7F3 /* AppDelegate.swift */,
				3B1B74A91EF8044A0039E7F3 /* ViewController.swift */,
				3B1B74B91EF804830039E7F3 /* SJFeedBackViewController.swift */,
				3B1B74BB1EF8086E0039E7F3 /* View */,
				3B144A421EFA09A6000F53B6 /* Extension */,
				3B1B74AB1EF8044A0039E7F3 /* Main.storyboard */,
				3B1B74AE1EF8044A0039E7F3 /* Assets.xcassets */,
				3B1B74B01EF8044A0039E7F3 /* LaunchScreen.storyboard */,
				3B1B74B31EF8044A0039E7F3 /* Info.plist */,
			);
			path = SJFeedBack;
			sourceTree = "<group>";
		};
		3B1B74BB1EF8086E0039E7F3 /* View */ = {
			isa = PBXGroup;
			children = (
				3B1B74BC1EF808890039E7F3 /* SJTextView.swift */,
				3BCE36F21EF8C26C003D4CF5 /* SJImagesView.swift */,
				3B20B9521EFFF10C0013F612 /* PhotoButton.swift */,
				3B20B9581EFFF49D0013F612 /* SelectImageView.swift */,
			);
			path = View;
			sourceTree = "<group>";
		};
		4F2DFBCA6EF5DA4D8270FFBC /* Pods */ = {
			isa = PBXGroup;
			children = (
				7D2C63C022A642612B6C47F5 /* Pods-SJFeedBack.debug.xcconfig */,
				68E18AFF010F4BA743268DE2 /* Pods-SJFeedBack.release.xcconfig */,
			);
			name = Pods;
			sourceTree = "<group>";
		};
		65B4F46713FEACC6696756A1 /* Frameworks */ = {
			isa = PBXGroup;
			children = (
				0C17AC504012632944B5D4EC /* Pods_SJFeedBack.framework */,
			);
			name = Frameworks;
			sourceTree = "<group>";
		};
/* End PBXGroup section */

/* Begin PBXNativeTarget section */
		3B1B74A31EF8044A0039E7F3 /* SJFeedBack */ = {
			isa = PBXNativeTarget;
			buildConfigurationList = 3B1B74B61EF8044A0039E7F3 /* Build configuration list for PBXNativeTarget "SJFeedBack" */;
			buildPhases = (
				313FADCE4ACE853F9C9444C7 /* [CP] Check Pods Manifest.lock */,
				3B1B74A01EF8044A0039E7F3 /* Sources */,
				3B1B74A11EF8044A0039E7F3 /* Frameworks */,
				3B1B74A21EF8044A0039E7F3 /* Resources */,
				A08A59F0BDBC5C2CAA371426 /* [CP] Embed Pods Frameworks */,
				9247A4AC235E489FC94B0E75 /* [CP] Copy Pods Resources */,
			);
			buildRules = (
			);
			dependencies = (
			);
			name = SJFeedBack;
			productName = SJFeedBack;
			productReference = 3B1B74A41EF8044A0039E7F3 /* SJFeedBack.app */;
			productType = "com.apple.product-type.application";
		};
/* End PBXNativeTarget section */

/* Begin PBXProject section */
		3B1B749C1EF8044A0039E7F3 /* Project object */ = {
			isa = PBXProject;
			attributes = {
				LastSwiftUpdateCheck = 0830;
				LastUpgradeCheck = 0830;
				ORGANIZATIONNAME = gsj;
				TargetAttributes = {
					3B1B74A31EF8044A0039E7F3 = {
						CreatedOnToolsVersion = 8.3.3;
						DevelopmentTeam = L62MX75EX8;
						ProvisioningStyle = Automatic;
					};
				};
			};
			buildConfigurationList = 3B1B749F1EF8044A0039E7F3 /* Build configuration list for PBXProject "SJFeedBack" */;
			compatibilityVersion = "Xcode 3.2";
			developmentRegion = English;
			hasScannedForEncodings = 0;
			knownRegions = (
				en,
				Base,
			);
			mainGroup = 3B1B749B1EF8044A0039E7F3;
			productRefGroup = 3B1B74A51EF8044A0039E7F3 /* Products */;
			projectDirPath = "";
			projectRoot = "";
			targets = (
				3B1B74A31EF8044A0039E7F3 /* SJFeedBack */,
			);
		};
/* End PBXProject section */

/* Begin PBXResourcesBuildPhase section */
		3B1B74A21EF8044A0039E7F3 /* Resources */ = {
			isa = PBXResourcesBuildPhase;
			buildActionMask = 2147483647;
			files = (
				3B1B74B21EF8044A0039E7F3 /* LaunchScreen.storyboard in Resources */,
				3B1B74AF1EF8044A0039E7F3 /* Assets.xcassets in Resources */,
				3B1B74AD1EF8044A0039E7F3 /* Main.storyboard in Resources */,
			);
			runOnlyForDeploymentPostprocessing = 0;
		};
/* End PBXResourcesBuildPhase section */

/* Begin PBXShellScriptBuildPhase section */
		313FADCE4ACE853F9C9444C7 /* [CP] Check Pods Manifest.lock */ = {
			isa = PBXShellScriptBuildPhase;
			buildActionMask = 2147483647;
			files = (
			);
			inputPaths = (
			);
			name = "[CP] Check Pods Manifest.lock";
			outputPaths = (
			);
			runOnlyForDeploymentPostprocessing = 0;
			shellPath = /bin/sh;
			shellScript = "diff \"${PODS_PODFILE_DIR_PATH}/Podfile.lock\" \"${PODS_ROOT}/Manifest.lock\" > /dev/null\nif [ $? != 0 ] ; then\n    # print error to STDERR\n    echo \"error: The sandbox is not in sync with the Podfile.lock. Run 'pod install' or update your CocoaPods installation.\" >&2\n    exit 1\nfi\n";
			showEnvVarsInLog = 0;
		};
		9247A4AC235E489FC94B0E75 /* [CP] Copy Pods Resources */ = {
			isa = PBXShellScriptBuildPhase;
			buildActionMask = 2147483647;
			files = (
			);
			inputPaths = (
			);
			name = "[CP] Copy Pods Resources";
			outputPaths = (
			);
			runOnlyForDeploymentPostprocessing = 0;
			shellPath = /bin/sh;
			shellScript = "\"${SRCROOT}/Pods/Target Support Files/Pods-SJFeedBack/Pods-SJFeedBack-resources.sh\"\n";
			showEnvVarsInLog = 0;
		};
		A08A59F0BDBC5C2CAA371426 /* [CP] Embed Pods Frameworks */ = {
			isa = PBXShellScriptBuildPhase;
			buildActionMask = 2147483647;
			files = (
			);
			inputPaths = (
			);
			name = "[CP] Embed Pods Frameworks";
			outputPaths = (
			);
			runOnlyForDeploymentPostprocessing = 0;
			shellPath = /bin/sh;
			shellScript = "\"${SRCROOT}/Pods/Target Support Files/Pods-SJFeedBack/Pods-SJFeedBack-frameworks.sh\"\n";
			showEnvVarsInLog = 0;
		};
/* End PBXShellScriptBuildPhase section */

/* Begin PBXSourcesBuildPhase section */
		3B1B74A01EF8044A0039E7F3 /* Sources */ = {
			isa = PBXSourcesBuildPhase;
			buildActionMask = 2147483647;
			files = (
				3B20B9551EFFF2600013F612 /* String+extension.swift in Sources */,
				3B20B95B1EFFF5210013F612 /* UIImage+extension.swift in Sources */,
				3B144A441EFA09C7000F53B6 /* UIView+extension.swift in Sources */,
				3B20B9571EFFF2BF0013F612 /* UIAlertController+extension.swift in Sources */,
				3B1B74BD1EF808890039E7F3 /* SJTextView.swift in Sources */,
				3B1B74AA1EF8044A0039E7F3 /* ViewController.swift in Sources */,
				3B20B9531EFFF10C0013F612 /* PhotoButton.swift in Sources */,
				3BCE36F31EF8C26C003D4CF5 /* SJImagesView.swift in Sources */,
				3B1B74A81EF8044A0039E7F3 /* AppDelegate.swift in Sources */,
				3B20B9591EFFF49D0013F612 /* SelectImageView.swift in Sources */,
				3B1B74BA1EF804830039E7F3 /* SJFeedBackViewController.swift in Sources */,
			);
			runOnlyForDeploymentPostprocessing = 0;
		};
/* End PBXSourcesBuildPhase section */

/* Begin PBXVariantGroup section */
		3B1B74AB1EF8044A0039E7F3 /* Main.storyboard */ = {
			isa = PBXVariantGroup;
			children = (
				3B1B74AC1EF8044A0039E7F3 /* Base */,
			);
			name = Main.storyboard;
			sourceTree = "<group>";
		};
		3B1B74B01EF8044A0039E7F3 /* LaunchScreen.storyboard */ = {
			isa = PBXVariantGroup;
			children = (
				3B1B74B11EF8044A0039E7F3 /* Base */,
			);
			name = LaunchScreen.storyboard;
			sourceTree = "<group>";
		};
/* End PBXVariantGroup section */

/* Begin XCBuildConfiguration section */
		3B1B74B41EF8044A0039E7F3 /* Debug */ = {
			isa = XCBuildConfiguration;
			buildSettings = {
				ALWAYS_SEARCH_USER_PATHS = NO;
				CLANG_ANALYZER_NONNULL = YES;
				CLANG_ANALYZER_NUMBER_OBJECT_CONVERSION = YES_AGGRESSIVE;
				CLANG_CXX_LANGUAGE_STANDARD = "gnu++0x";
				CLANG_CXX_LIBRARY = "libc++";
				CLANG_ENABLE_MODULES = YES;
				CLANG_ENABLE_OBJC_ARC = YES;
				CLANG_WARN_BOOL_CONVERSION = YES;
				CLANG_WARN_CONSTANT_CONVERSION = YES;
				CLANG_WARN_DIRECT_OBJC_ISA_USAGE = YES_ERROR;
				CLANG_WARN_DOCUMENTATION_COMMENTS = YES;
				CLANG_WARN_EMPTY_BODY = YES;
				CLANG_WARN_ENUM_CONVERSION = YES;
				CLANG_WARN_INFINITE_RECURSION = YES;
				CLANG_WARN_INT_CONVERSION = YES;
				CLANG_WARN_OBJC_ROOT_CLASS = YES_ERROR;
				CLANG_WARN_SUSPICIOUS_MOVE = YES;
				CLANG_WARN_UNREACHABLE_CODE = YES;
				CLANG_WARN__DUPLICATE_METHOD_MATCH = YES;
				"CODE_SIGN_IDENTITY[sdk=iphoneos*]" = "iPhone Developer";
				COPY_PHASE_STRIP = NO;
				DEBUG_INFORMATION_FORMAT = dwarf;
				ENABLE_STRICT_OBJC_MSGSEND = YES;
				ENABLE_TESTABILITY = YES;
				GCC_C_LANGUAGE_STANDARD = gnu99;
				GCC_DYNAMIC_NO_PIC = NO;
				GCC_NO_COMMON_BLOCKS = YES;
				GCC_OPTIMIZATION_LEVEL = 0;
				GCC_PREPROCESSOR_DEFINITIONS = (
					"DEBUG=1",
					"$(inherited)",
				);
				GCC_WARN_64_TO_32_BIT_CONVERSION = YES;
				GCC_WARN_ABOUT_RETURN_TYPE = YES_ERROR;
				GCC_WARN_UNDECLARED_SELECTOR = YES;
				GCC_WARN_UNINITIALIZED_AUTOS = YES_AGGRESSIVE;
				GCC_WARN_UNUSED_FUNCTION = YES;
				GCC_WARN_UNUSED_VARIABLE = YES;
				IPHONEOS_DEPLOYMENT_TARGET = 10.3;
				MTL_ENABLE_DEBUG_INFO = YES;
				ONLY_ACTIVE_ARCH = YES;
				SDKROOT = iphoneos;
				SWIFT_ACTIVE_COMPILATION_CONDITIONS = DEBUG;
				SWIFT_OPTIMIZATION_LEVEL = "-Onone";
				TARGETED_DEVICE_FAMILY = "1,2";
			};
			name = Debug;
		};
		3B1B74B51EF8044A0039E7F3 /* Release */ = {
			isa = XCBuildConfiguration;
			buildSettings = {
				ALWAYS_SEARCH_USER_PATHS = NO;
				CLANG_ANALYZER_NONNULL = YES;
				CLANG_ANALYZER_NUMBER_OBJECT_CONVERSION = YES_AGGRESSIVE;
				CLANG_CXX_LANGUAGE_STANDARD = "gnu++0x";
				CLANG_CXX_LIBRARY = "libc++";
				CLANG_ENABLE_MODULES = YES;
				CLANG_ENABLE_OBJC_ARC = YES;
				CLANG_WARN_BOOL_CONVERSION = YES;
				CLANG_WARN_CONSTANT_CONVERSION = YES;
				CLANG_WARN_DIRECT_OBJC_ISA_USAGE = YES_ERROR;
				CLANG_WARN_DOCUMENTATION_COMMENTS = YES;
				CLANG_WARN_EMPTY_BODY = YES;
				CLANG_WARN_ENUM_CONVERSION = YES;
				CLANG_WARN_INFINITE_RECURSION = YES;
				CLANG_WARN_INT_CONVERSION = YES;
				CLANG_WARN_OBJC_ROOT_CLASS = YES_ERROR;
				CLANG_WARN_SUSPICIOUS_MOVE = YES;
				CLANG_WARN_UNREACHABLE_CODE = YES;
				CLANG_WARN__DUPLICATE_METHOD_MATCH = YES;
				"CODE_SIGN_IDENTITY[sdk=iphoneos*]" = "iPhone Developer";
				COPY_PHASE_STRIP = NO;
				DEBUG_INFORMATION_FORMAT = "dwarf-with-dsym";
				ENABLE_NS_ASSERTIONS = NO;
				ENABLE_STRICT_OBJC_MSGSEND = YES;
				GCC_C_LANGUAGE_STANDARD = gnu99;
				GCC_NO_COMMON_BLOCKS = YES;
				GCC_WARN_64_TO_32_BIT_CONVERSION = YES;
				GCC_WARN_ABOUT_RETURN_TYPE = YES_ERROR;
				GCC_WARN_UNDECLARED_SELECTOR = YES;
				GCC_WARN_UNINITIALIZED_AUTOS = YES_AGGRESSIVE;
				GCC_WARN_UNUSED_FUNCTION = YES;
				GCC_WARN_UNUSED_VARIABLE = YES;
				IPHONEOS_DEPLOYMENT_TARGET = 10.3;
				MTL_ENABLE_DEBUG_INFO = NO;
				SDKROOT = iphoneos;
				SWIFT_OPTIMIZATION_LEVEL = "-Owholemodule";
				TARGETED_DEVICE_FAMILY = "1,2";
				VALIDATE_PRODUCT = YES;
			};
			name = Release;
		};
		3B1B74B71EF8044A0039E7F3 /* Debug */ = {
			isa = XCBuildConfiguration;
			baseConfigurationReference = 7D2C63C022A642612B6C47F5 /* Pods-SJFeedBack.debug.xcconfig */;
			buildSettings = {
				ASSETCATALOG_COMPILER_APPICON_NAME = AppIcon;
				DEVELOPMENT_TEAM = L62MX75EX8;
				INFOPLIST_FILE = SJFeedBack/Info.plist;
				LD_RUNPATH_SEARCH_PATHS = "$(inherited) @executable_path/Frameworks";
				PRODUCT_BUNDLE_IDENTIFIER = choco.SJFeedBack;
				PRODUCT_NAME = "$(TARGET_NAME)";
				SWIFT_VERSION = 3.0;
			};
			name = Debug;
		};
		3B1B74B81EF8044A0039E7F3 /* Release */ = {
			isa = XCBuildConfiguration;
			baseConfigurationReference = 68E18AFF010F4BA743268DE2 /* Pods-SJFeedBack.release.xcconfig */;
			buildSettings = {
				ASSETCATALOG_COMPILER_APPICON_NAME = AppIcon;
				DEVELOPMENT_TEAM = L62MX75EX8;
				INFOPLIST_FILE = SJFeedBack/Info.plist;
				LD_RUNPATH_SEARCH_PATHS = "$(inherited) @executable_path/Frameworks";
				PRODUCT_BUNDLE_IDENTIFIER = choco.SJFeedBack;
				PRODUCT_NAME = "$(TARGET_NAME)";
				SWIFT_VERSION = 3.0;
			};
			name = Release;
		};
/* End XCBuildConfiguration section */

/* Begin XCConfigurationList section */
		3B1B749F1EF8044A0039E7F3 /* Build configuration list for PBXProject "SJFeedBack" */ = {
			isa = XCConfigurationList;
			buildConfigurations = (
				3B1B74B41EF8044A0039E7F3 /* Debug */,
				3B1B74B51EF8044A0039E7F3 /* Release */,
			);
			defaultConfigurationIsVisible = 0;
			defaultConfigurationName = Release;
		};
		3B1B74B61EF8044A0039E7F3 /* Build configuration list for PBXNativeTarget "SJFeedBack" */ = {
			isa = XCConfigurationList;
			buildConfigurations = (
				3B1B74B71EF8044A0039E7F3 /* Debug */,
				3B1B74B81EF8044A0039E7F3 /* Release */,
			);
			defaultConfigurationIsVisible = 0;
			defaultConfigurationName = Release;
		};
/* End XCConfigurationList section */
	};
	rootObject = 3B1B749C1EF8044A0039E7F3 /* Project object */;
}
